
Microsoft Visual Studio Solution File, Format Version 12.00
Project("{2150E333-8FDC-42A3-9474-1A3956D46DE8}") = ".solution-items", ".solution-items", "{91A40D5A-B418-4E7E-A5D7-ABD7D803E715}"
EndProject
Project("{2150E333-8FDC-42A3-9474-1A3956D46DE8}") = "Api", "Api", "{7444CCDB-1017-47FB-A39B-1E15648EE1AE}"
EndProject
Project("{2150E333-8FDC-42A3-9474-1A3956D46DE8}") = "Core", "Core", "{787D1CAE-E674-470E-ADAD-30B9C0E8C065}"
EndProject
Project("{2150E333-8FDC-42A3-9474-1A3956D46DE8}") = "Persistence", "Persistence", "{15A971C3-F2BF-42A3-8B0C-F61DA317FDD1}"
EndProject
Project("{2150E333-8FDC-42A3-9474-1A3956D46DE8}") = "Testing", "Testing", "{DD5AE5D4-C899-4425-A720-DB7295C63F44}"
EndProject
Project("{FAE04EC0-301F-11D3-BF4B-00C04F79EFBC}") = "Respondo.Api", "Respondo.Api\Respondo.Api.csproj", "{84F7902E-5E3A-4BF1-BD52-DD2E5296E167}"
EndProject
Global
	GlobalSection(SolutionConfigurationPlatforms) = preSolution
		Debug|Any CPU = Debug|Any CPU
		Release|Any CPU = Release|Any CPU
	EndGlobalSection
	GlobalSection(NestedProjects) = preSolution
		{84F7902E-5E3A-4BF1-BD52-DD2E5296E167} = {7444CCDB-1017-47FB-A39B-1E15648EE1AE}
	EndGlobalSection
	GlobalSection(ProjectConfigurationPlatforms) = postSolution
		{84F7902E-5E3A-4BF1-BD52-DD2E5296E167}.Debug|Any CPU.ActiveCfg = Debug|Any CPU
		{84F7902E-5E3A-4BF1-BD52-DD2E5296E167}.Debug|Any CPU.Build.0 = Debug|Any CPU
		{84F7902E-5E3A-4BF1-BD52-DD2E5296E167}.Release|Any CPU.ActiveCfg = Release|Any CPU
		{84F7902E-5E3A-4BF1-BD52-DD2E5296E167}.Release|Any CPU.Build.0 = Release|Any CPU
	EndGlobalSection
EndGlobal
