
Microsoft Visual Studio Solution File, Format Version 12.00
Project("{2150E333-8FDC-42A3-9474-1A3956D46DE8}") = ".solution-items", ".solution-items", "{91A40D5A-B418-4E7E-A5D7-ABD7D803E715}"
	ProjectSection(SolutionItems) = preProject
		..\README.md = ..\README.md
		global.json = global.json
		..\LICENSE = ..\LICENSE
		..\.gitignore = ..\.gitignore
		Dockerfile = Dockerfile
		.dockerignore = .dockerignore
		..\.github\workflows\service.yml = ..\.github\workflows\service.yml
	EndProjectSection
EndProject
Project("{2150E333-8FDC-42A3-9474-1A3956D46DE8}") = "Api", "Api", "{7444CCDB-1017-47FB-A39B-1E15648EE1AE}"
EndProject
Project("{2150E333-8FDC-42A3-9474-1A3956D46DE8}") = "Core", "Core", "{787D1CAE-E674-470E-ADAD-30B9C0E8C065}"
EndProject
Project("{2150E333-8FDC-42A3-9474-1A3956D46DE8}") = "Testing", "Testing", "{DD5AE5D4-C899-4425-A720-DB7295C63F44}"
EndProject
Project("{FAE04EC0-301F-11D3-BF4B-00C04F79EFBC}") = "Respondo.Api", "Respondo.Api\Respondo.Api.csproj", "{84F7902E-5E3A-4BF1-BD52-DD2E5296E167}"
EndProject
Project("{FAE04EC0-301F-11D3-BF4B-00C04F79EFBC}") = "Respondo.Core.Identity", "Respondo.Core.Identity\Respondo.Core.Identity.csproj", "{5F754870-7953-49BF-99FD-30C97139EBE1}"
EndProject
Project("{FAE04EC0-301F-11D3-BF4B-00C04F79EFBC}") = "Respondo.Core.Identity.Contracts", "Respondo.Core.Identity.Contracts\Respondo.Core.Identity.Contracts.csproj", "{664765DB-CAB3-4A15-A91A-FC5F79665D59}"
EndProject
Project("{FAE04EC0-301F-11D3-BF4B-00C04F79EFBC}") = "Respondo.Testing.Integration", "Respondo.Testing.Integration\Respondo.Testing.Integration.csproj", "{A7723A09-27A7-4860-8FDA-FA0F94E4EA4F}"
EndProject
Project("{FAE04EC0-301F-11D3-BF4B-00C04F79EFBC}") = "Respondo.Testing.Unit", "Respondo.Testing.Unit\Respondo.Testing.Unit.csproj", "{B6EDB876-21F4-4A9A-9411-5305D12A5469}"
EndProject
Project("{FAE04EC0-301F-11D3-BF4B-00C04F79EFBC}") = "Respondo.Core.Occasions", "Respondo.Core.Occasions\Respondo.Core.Occasions.csproj", "{9183C26D-5129-4A99-88E3-CBFECFE7C5FB}"
EndProject
Project("{FAE04EC0-301F-11D3-BF4B-00C04F79EFBC}") = "Respondo.Core.Occasions.Contracts", "Respondo.Core.Occasions.Contracts\Respondo.Core.Occasions.Contracts.csproj", "{CC382774-F3BA-4A6B-A387-313E53816502}"
EndProject
Project("{2150E333-8FDC-42A3-9474-1A3956D46DE8}") = "Application", "Application", "{4FB9268F-D615-42F9-AA88-9FF572E9CB6C}"
EndProject
Project("{FAE04EC0-301F-11D3-BF4B-00C04F79EFBC}") = "Respondo.Application", "Respondo.Application\Respondo.Application.csproj", "{E67E983A-BE40-47EC-B2F5-3B3926F3F426}"
EndProject
Project("{FAE04EC0-301F-11D3-BF4B-00C04F79EFBC}") = "Respondo.Core.Parties", "Respondo.Core.Parties\Respondo.Core.Parties.csproj", "{B30FAF62-E5B6-4759-9857-FFC23869370A}"
EndProject
Project("{FAE04EC0-301F-11D3-BF4B-00C04F79EFBC}") = "Respondo.Core.Parties.Contracts", "Respondo.Core.Parties.Contracts\Respondo.Core.Parties.Contracts.csproj", "{D1A8C00B-A23C-4CCD-A979-88EE51C50424}"
EndProject
Global
	GlobalSection(SolutionConfigurationPlatforms) = preSolution
		Debug|Any CPU = Debug|Any CPU
		Release|Any CPU = Release|Any CPU
	EndGlobalSection
	GlobalSection(NestedProjects) = preSolution
		{84F7902E-5E3A-4BF1-BD52-DD2E5296E167} = {7444CCDB-1017-47FB-A39B-1E15648EE1AE}
		{5F754870-7953-49BF-99FD-30C97139EBE1} = {787D1CAE-E674-470E-ADAD-30B9C0E8C065}
		{664765DB-CAB3-4A15-A91A-FC5F79665D59} = {787D1CAE-E674-470E-ADAD-30B9C0E8C065}
		{A7723A09-27A7-4860-8FDA-FA0F94E4EA4F} = {DD5AE5D4-C899-4425-A720-DB7295C63F44}
		{B6EDB876-21F4-4A9A-9411-5305D12A5469} = {DD5AE5D4-C899-4425-A720-DB7295C63F44}
		{9183C26D-5129-4A99-88E3-CBFECFE7C5FB} = {787D1CAE-E674-470E-ADAD-30B9C0E8C065}
		{CC382774-F3BA-4A6B-A387-313E53816502} = {787D1CAE-E674-470E-ADAD-30B9C0E8C065}
		{E67E983A-BE40-47EC-B2F5-3B3926F3F426} = {4FB9268F-D615-42F9-AA88-9FF572E9CB6C}
		{B30FAF62-E5B6-4759-9857-FFC23869370A} = {787D1CAE-E674-470E-ADAD-30B9C0E8C065}
		{D1A8C00B-A23C-4CCD-A979-88EE51C50424} = {787D1CAE-E674-470E-ADAD-30B9C0E8C065}
	EndGlobalSection
	GlobalSection(ProjectConfigurationPlatforms) = postSolution
		{84F7902E-5E3A-4BF1-BD52-DD2E5296E167}.Debug|Any CPU.ActiveCfg = Debug|Any CPU
		{84F7902E-5E3A-4BF1-BD52-DD2E5296E167}.Debug|Any CPU.Build.0 = Debug|Any CPU
		{84F7902E-5E3A-4BF1-BD52-DD2E5296E167}.Release|Any CPU.ActiveCfg = Release|Any CPU
		{84F7902E-5E3A-4BF1-BD52-DD2E5296E167}.Release|Any CPU.Build.0 = Release|Any CPU
		{5F754870-7953-49BF-99FD-30C97139EBE1}.Debug|Any CPU.ActiveCfg = Debug|Any CPU
		{5F754870-7953-49BF-99FD-30C97139EBE1}.Debug|Any CPU.Build.0 = Debug|Any CPU
		{5F754870-7953-49BF-99FD-30C97139EBE1}.Release|Any CPU.ActiveCfg = Release|Any CPU
		{5F754870-7953-49BF-99FD-30C97139EBE1}.Release|Any CPU.Build.0 = Release|Any CPU
		{664765DB-CAB3-4A15-A91A-FC5F79665D59}.Debug|Any CPU.ActiveCfg = Debug|Any CPU
		{664765DB-CAB3-4A15-A91A-FC5F79665D59}.Debug|Any CPU.Build.0 = Debug|Any CPU
		{664765DB-CAB3-4A15-A91A-FC5F79665D59}.Release|Any CPU.ActiveCfg = Release|Any CPU
		{664765DB-CAB3-4A15-A91A-FC5F79665D59}.Release|Any CPU.Build.0 = Release|Any CPU
		{A7723A09-27A7-4860-8FDA-FA0F94E4EA4F}.Debug|Any CPU.ActiveCfg = Debug|Any CPU
		{A7723A09-27A7-4860-8FDA-FA0F94E4EA4F}.Debug|Any CPU.Build.0 = Debug|Any CPU
		{A7723A09-27A7-4860-8FDA-FA0F94E4EA4F}.Release|Any CPU.ActiveCfg = Release|Any CPU
		{A7723A09-27A7-4860-8FDA-FA0F94E4EA4F}.Release|Any CPU.Build.0 = Release|Any CPU
		{B6EDB876-21F4-4A9A-9411-5305D12A5469}.Debug|Any CPU.ActiveCfg = Debug|Any CPU
		{B6EDB876-21F4-4A9A-9411-5305D12A5469}.Debug|Any CPU.Build.0 = Debug|Any CPU
		{B6EDB876-21F4-4A9A-9411-5305D12A5469}.Release|Any CPU.ActiveCfg = Release|Any CPU
		{B6EDB876-21F4-4A9A-9411-5305D12A5469}.Release|Any CPU.Build.0 = Release|Any CPU
		{9183C26D-5129-4A99-88E3-CBFECFE7C5FB}.Debug|Any CPU.ActiveCfg = Debug|Any CPU
		{9183C26D-5129-4A99-88E3-CBFECFE7C5FB}.Debug|Any CPU.Build.0 = Debug|Any CPU
		{9183C26D-5129-4A99-88E3-CBFECFE7C5FB}.Release|Any CPU.ActiveCfg = Release|Any CPU
		{9183C26D-5129-4A99-88E3-CBFECFE7C5FB}.Release|Any CPU.Build.0 = Release|Any CPU
		{CC382774-F3BA-4A6B-A387-313E53816502}.Debug|Any CPU.ActiveCfg = Debug|Any CPU
		{CC382774-F3BA-4A6B-A387-313E53816502}.Debug|Any CPU.Build.0 = Debug|Any CPU
		{CC382774-F3BA-4A6B-A387-313E53816502}.Release|Any CPU.ActiveCfg = Release|Any CPU
		{CC382774-F3BA-4A6B-A387-313E53816502}.Release|Any CPU.Build.0 = Release|Any CPU
		{E67E983A-BE40-47EC-B2F5-3B3926F3F426}.Debug|Any CPU.ActiveCfg = Debug|Any CPU
		{E67E983A-BE40-47EC-B2F5-3B3926F3F426}.Debug|Any CPU.Build.0 = Debug|Any CPU
		{E67E983A-BE40-47EC-B2F5-3B3926F3F426}.Release|Any CPU.ActiveCfg = Release|Any CPU
		{E67E983A-BE40-47EC-B2F5-3B3926F3F426}.Release|Any CPU.Build.0 = Release|Any CPU
		{B30FAF62-E5B6-4759-9857-FFC23869370A}.Debug|Any CPU.ActiveCfg = Debug|Any CPU
		{B30FAF62-E5B6-4759-9857-FFC23869370A}.Debug|Any CPU.Build.0 = Debug|Any CPU
		{B30FAF62-E5B6-4759-9857-FFC23869370A}.Release|Any CPU.ActiveCfg = Release|Any CPU
		{B30FAF62-E5B6-4759-9857-FFC23869370A}.Release|Any CPU.Build.0 = Release|Any CPU
		{D1A8C00B-A23C-4CCD-A979-88EE51C50424}.Debug|Any CPU.ActiveCfg = Debug|Any CPU
		{D1A8C00B-A23C-4CCD-A979-88EE51C50424}.Debug|Any CPU.Build.0 = Debug|Any CPU
		{D1A8C00B-A23C-4CCD-A979-88EE51C50424}.Release|Any CPU.ActiveCfg = Release|Any CPU
		{D1A8C00B-A23C-4CCD-A979-88EE51C50424}.Release|Any CPU.Build.0 = Release|Any CPU
	EndGlobalSection
EndGlobal
